
Microsoft Visual Studio Solution File, Format Version 12.00
# Visual Studio Version 17
VisualStudioVersion = 17.8.34322.80
MinimumVisualStudioVersion = 10.0.40219.1
Project("{9A19103F-16F7-4668-BE54-9A1E7A4F7556}") = "ConsoleApp1", "ConsoleApp1\ConsoleApp1.csproj", "{AC3C2717-0368-477C-8A79-F9220AA8770F}"
EndProject
Project("{FAE04EC0-301F-11D3-BF4B-00C04F79EFBC}") = "ConsoleApp4", "ConsoleApp4\ConsoleApp4.csproj", "{83512DE8-8E7B-4B4B-AF0A-1533AD2AADB2}"
EndProject
Project("{FAE04EC0-301F-11D3-BF4B-00C04F79EFBC}") = "Delegate_event", "Delegate_event\Delegate_event.csproj", "{ECEAC005-343F-4B0A-A815-3E80A99D4467}"
EndProject
Project("{FAE04EC0-301F-11D3-BF4B-00C04F79EFBC}") = "Event_standard", "Event_standard\Event_standard.csproj", "{A667DD08-ADA7-4BAA-8ED6-7328CC07A703}"
EndProject
Project("{FAE04EC0-301F-11D3-BF4B-00C04F79EFBC}") = "ThreadDemo", "ThreadDemo\ThreadDemo.csproj", "{8A3AFB41-CB5E-4B89-A694-977690170343}"
EndProject
Global
	GlobalSection(SolutionConfigurationPlatforms) = preSolution
		Debug|Any CPU = Debug|Any CPU
		Release|Any CPU = Release|Any CPU
	EndGlobalSection
	GlobalSection(ProjectConfigurationPlatforms) = postSolution
		{AC3C2717-0368-477C-8A79-F9220AA8770F}.Debug|Any CPU.ActiveCfg = Debug|Any CPU
		{AC3C2717-0368-477C-8A79-F9220AA8770F}.Debug|Any CPU.Build.0 = Debug|Any CPU
		{AC3C2717-0368-477C-8A79-F9220AA8770F}.Release|Any CPU.ActiveCfg = Release|Any CPU
		{AC3C2717-0368-477C-8A79-F9220AA8770F}.Release|Any CPU.Build.0 = Release|Any CPU
		{83512DE8-8E7B-4B4B-AF0A-1533AD2AADB2}.Debug|Any CPU.ActiveCfg = Debug|Any CPU
		{83512DE8-8E7B-4B4B-AF0A-1533AD2AADB2}.Debug|Any CPU.Build.0 = Debug|Any CPU
		{83512DE8-8E7B-4B4B-AF0A-1533AD2AADB2}.Release|Any CPU.ActiveCfg = Release|Any CPU
		{83512DE8-8E7B-4B4B-AF0A-1533AD2AADB2}.Release|Any CPU.Build.0 = Release|Any CPU
		{ECEAC005-343F-4B0A-A815-3E80A99D4467}.Debug|Any CPU.ActiveCfg = Debug|Any CPU
		{ECEAC005-343F-4B0A-A815-3E80A99D4467}.Debug|Any CPU.Build.0 = Debug|Any CPU
		{ECEAC005-343F-4B0A-A815-3E80A99D4467}.Release|Any CPU.ActiveCfg = Release|Any CPU
		{ECEAC005-343F-4B0A-A815-3E80A99D4467}.Release|Any CPU.Build.0 = Release|Any CPU
		{A667DD08-ADA7-4BAA-8ED6-7328CC07A703}.Debug|Any CPU.ActiveCfg = Debug|Any CPU
		{A667DD08-ADA7-4BAA-8ED6-7328CC07A703}.Debug|Any CPU.Build.0 = Debug|Any CPU
		{A667DD08-ADA7-4BAA-8ED6-7328CC07A703}.Release|Any CPU.ActiveCfg = Release|Any CPU
		{A667DD08-ADA7-4BAA-8ED6-7328CC07A703}.Release|Any CPU.Build.0 = Release|Any CPU
		{8A3AFB41-CB5E-4B89-A694-977690170343}.Debug|Any CPU.ActiveCfg = Debug|Any CPU
		{8A3AFB41-CB5E-4B89-A694-977690170343}.Debug|Any CPU.Build.0 = Debug|Any CPU
		{8A3AFB41-CB5E-4B89-A694-977690170343}.Release|Any CPU.ActiveCfg = Release|Any CPU
		{8A3AFB41-CB5E-4B89-A694-977690170343}.Release|Any CPU.Build.0 = Release|Any CPU
	EndGlobalSection
	GlobalSection(SolutionProperties) = preSolution
		HideSolutionNode = FALSE
	EndGlobalSection
	GlobalSection(ExtensibilityGlobals) = postSolution
		SolutionGuid = {27FA3179-947E-4093-8C5F-CB9A1E84A2A8}
	EndGlobalSection
EndGlobal
